{
    "_readme": [
        "This file locks the dependencies of your project to a known state",
        "Read more about it at https://getcomposer.org/doc/01-basic-usage.md#composer-lock-the-lock-file",
        "This file is @generated automatically"
    ],
    "hash": "8534cbe991067732a514add5afda1629",
    "content-hash": "81bf53d6aaa2d19758b766ce45fcbf09",
    "packages": [
        {
            "name": "jeroendesloovere/distance",
            "version": "1.0.2.1",
            "source": {
                "type": "git",
                "url": "https://github.com/jeroendesloovere/distance.git",
                "reference": "c2fd9afa0c0958c3c9f476d7690a7e5bdc0ef474"
            },
            "dist": {
                "type": "zip",
                "url": "https://packagist.phpcomposer.com/files/jeroendesloovere/distance/c2fd9afa0c0958c3c9f476d7690a7e5bdc0ef474.zip",
                "reference": "c2fd9afa0c0958c3c9f476d7690a7e5bdc0ef474",
                "shasum": ""
            },
            "require": {
                "php": ">=5.3.3"
            },
            "type": "library",
            "autoload": {
                "psr-4": {
                    "JeroenDesloovere\\Distance\\": "src/"
                }
            },
            "notification-url": "https://packagist.org/downloads/",
            "license": [
                "MIT"
            ],
            "authors": [
                {
                    "name": "Jeroen Desloovere",
                    "email": "info@jeroendesloovere.be",
                    "homepage": "http://jeroendesloovere.be",
                    "role": "Developer"
                }
            ],
            "description": "Get distance between two locations using PHP.",
            "homepage": "https://github.com/jeroendesloovere/distance",
            "keywords": [
                "coordinates",
                "distance",
                "location",
                "php"
            ],
            "time": "2015-05-20 15:13:07"
        }
    ],
    "packages-dev": [],
    "aliases": [],
    "minimum-stability": "stable",
    "stability-flags": [],
    "prefer-stable": false,
    "prefer-lowest": false,
    "platform": [],
    "platform-dev": []
}
